{
  "object": {
    "pins": [
      {
        "package": "CLISpinner",
        "repositoryURL": "https://github.com/DavdRoman/CLISpinner",
        "state": {
          "branch": "master",
          "revision": "1bf800a3be033882effcb879a4791b105a54c474",
          "version": null
        }
      },
      {
        "package": "Rainbow",
        "repositoryURL": "https://github.com/onevcat/Rainbow",
        "state": {
          "branch": null,
          "revision": "9c52c1952e9b2305d4507cf473392ac2d7c9b155",
          "version": "3.1.5"
        }
      },
      {
        "package": "SwiftCLI",
        "repositoryURL": "https://github.com/DavdRoman/SwiftCLI",
        "state": {
          "branch": "master",
          "revision": "ff0fc25a50e03276a559b5722e98bc7674d2f0db",
          "version": null
        }
      },
      {
        "package": "SwiftyStringScore",
        "repositoryURL": "https://github.com/DavdRoman/SwiftyStringScore",
        "state": {
          "branch": "master",
          "revision": "37ac30f46f34b638f9635a3112e0703484edbc6e",
          "version": null
        }
      }
    ]
  },
  "version": 1
}
