{
  "object": {
    "pins": [
      {
        "package": "JIRAKit",
        "repositoryURL": "https://github.com/DavdRoman/JIRAKit",
        "state": {
          "branch": "master",
          "revision": "415efa8eb39024069a44d755c2e51b76910ed66d",
          "version": null
        }
      },
      {
        "package": "SwiftCLI",
        "repositoryURL": "https://github.com/jakeheis/SwiftCLI",
        "state": {
          "branch": null,
          "revision": "5318c37d3cacc8780f50b87a8840a6774320ebdf",
          "version": "5.2.2"
        }
      }
    ]
  },
  "version": 1
}
